<?xml version="1.0" encoding="utf-8"?>
<Project ToolsVersion="4.0" xmlns="http://schemas.microsoft.com/developer/msbuild/2003">
  <ItemGroup>
    <Filter Include="Source Files">
      <UniqueIdentifier>{4FC737F1-C7A5-4376-A066-2A32D752A2FF}</UniqueIdentifier>
      <Extensions>cpp;c;cc;cxx;def;odl;idl;hpj;bat;asm;asmx</Extensions>
    </Filter>
    <Filter Include="Header Files">
      <UniqueIdentifier>{93995380-89BD-4b04-88EB-625FBE52EBFB}</UniqueIdentifier>
      <Extensions>h;hh;hpp;hxx;hm;inl;inc;xsd</Extensions>
    </Filter>
    <Filter Include="Resource Files">
      <UniqueIdentifier>{67DA6AB6-F800-4c08-8B7A-83BB121AAD01}</UniqueIdentifier>
      <Extensions>rc;ico;cur;bmp;dlg;rc2;rct;bin;rgs;gif;jpg;jpeg;jpe;resx;tiff;tif;png;wav;mfcribbon-ms</Extensions>
    </Filter>
    <Filter Include="Source Files\Stream">
      <UniqueIdentifier>{02e62a13-58c5-4f98-9474-cb049dfb4b53}</UniqueIdentifier>
    </Filter>
    <Filter Include="Header Files\Stream">
      <UniqueIdentifier>{d52d887c-acd7-4d2b-b3ef-ee59ef321a95}</UniqueIdentifier>
    </Filter>
    <Filter Include="Source Files\Applications">
      <UniqueIdentifier>{4a2f4981-f31d-4e9d-ac20-26f5877b9fc1}</UniqueIdentifier>
    </Filter>
    <Filter Include="Header Files\Applications">
      <UniqueIdentifier>{ed0a5210-4ff2-4d3a-8f90-362c923c9e72}</UniqueIdentifier>
    </Filter>
    <Filter Include="PreCompile">
      <UniqueIdentifier>{a2989654-f78b-4dfa-92ac-1a6c7379ae88}</UniqueIdentifier>
    </Filter>
  </ItemGroup>
  <ItemGroup>
    <ClInclude Include="include\Kafka\Applications\IConsole.h">
      <Filter>Header Files\Applications</Filter>
    </ClInclude>
    <ClInclude Include="include\Pch.h">
      <Filter>PreCompile</Filter>
    </ClInclude>
    <ClInclude Include="include\targetver.h">
      <Filter>PreCompile</Filter>
    </ClInclude>
    <ClInclude Include="include\Kafka\Stream\IFileStream.h">
      <Filter>Header Files\Stream</Filter>
    </ClInclude>
    <ClInclude Include="include\Kafka\Stream\OutputFileStream.h">
      <Filter>Header Files\Stream</Filter>
    </ClInclude>
    <ClInclude Include="include\Kafka\Stream\IOutputStream.h">
      <Filter>Header Files\Stream</Filter>
    </ClInclude>
    <ClInclude Include="include\Kafka\Stream\InputFileStream.h">
      <Filter>Header Files\Stream</Filter>
    </ClInclude>
    <ClInclude Include="include\Kafka\Stream\IInputStream.h">
      <Filter>Header Files\Stream</Filter>
    </ClInclude>
    <ClInclude Include="include\Kafka\Stream\IInOutStream.h">
      <Filter>Header Files\Stream</Filter>
    </ClInclude>
  </ItemGroup>
  <ItemGroup>
    <ClCompile Include="src\PchCreator.cpp">
      <Filter>PreCompile</Filter>
    </ClCompile>
    <ClCompile Include="src\Applications\IConsole.cpp">
      <Filter>Source Files\Applications</Filter>
    </ClCompile>
    <ClCompile Include="src\Stream\OutputFileStream.cpp">
      <Filter>Source Files\Stream</Filter>
    </ClCompile>
    <ClCompile Include="src\Stream\IFileStream.cpp">
      <Filter>Source Files\Stream</Filter>
    </ClCompile>
    <ClCompile Include="src\Stream\InputFileStream.cpp">
      <Filter>Source Files\Stream</Filter>
    </ClCompile>
  </ItemGroup>
</Project>